
Microsoft Visual Studio Solution File, Format Version 12.00
# Visual Studio Version 17
VisualStudioVersion = 17.13.35913.81 d17.13
MinimumVisualStudioVersion = 10.0.40219.1
Project("{FAE04EC0-301F-11D3-BF4B-00C04F79EFBC}") = "CarService", "CarService\CarService.csproj", "{2F1BB8AA-B495-4D89-989E-7E63A5AB0839}"
EndProject
Global
	GlobalSection(SolutionConfigurationPlatforms) = preSolution
		Debug|Any CPU = Debug|Any CPU
		Release|Any CPU = Release|Any CPU
	EndGlobalSection
	GlobalSection(ProjectConfigurationPlatforms) = postSolution
		{2F1BB8AA-B495-4D89-989E-7E63A5AB0839}.Debug|Any CPU.ActiveCfg = Debug|Any CPU
		{2F1BB8AA-B495-4D89-989E-7E63A5AB0839}.Debug|Any CPU.Build.0 = Debug|Any CPU
		{2F1BB8AA-B495-4D89-989E-7E63A5AB0839}.Release|Any CPU.ActiveCfg = Release|Any CPU
		{2F1BB8AA-B495-4D89-989E-7E63A5AB0839}.Release|Any CPU.Build.0 = Release|Any CPU
	EndGlobalSection
	GlobalSection(SolutionProperties) = preSolution
		HideSolutionNode = FALSE
	EndGlobalSection
	GlobalSection(ExtensibilityGlobals) = postSolution
		SolutionGuid = {2371D4D4-E977-4678-BBAF-420F720CD64F}
	EndGlobalSection
EndGlobal
